
Microsoft Visual Studio Solution File, Format Version 12.00
# Visual Studio Version 17
VisualStudioVersion = 17.7.34018.315
MinimumVisualStudioVersion = 10.0.40219.1
Project("{9A19103F-16F7-4668-BE54-9A1E7A4F7556}") = "ProjectBlog.Shared", "ProjectBlog.Shared\ProjectBlog.Shared.csproj", "{464DCF50-D49B-46A4-BDA7-444B9BDCCCE2}"
EndProject
Project("{9A19103F-16F7-4668-BE54-9A1E7A4F7556}") = "ProjectBlog.Entities", "ProjectBlog.Entities\ProjectBlog.Entities.csproj", "{EE5B55AA-30BB-4E57-A90D-FABB79C5284B}"
EndProject
Project("{9A19103F-16F7-4668-BE54-9A1E7A4F7556}") = "ProjectBlog.Data", "ProjectBlog.Data\ProjectBlog.Data.csproj", "{EB60400B-4D0F-45F4-8D45-178AF571214C}"
EndProject
Project("{9A19103F-16F7-4668-BE54-9A1E7A4F7556}") = "ProjectBlog.Services", "ProjectBlog.Services\ProjectBlog.Services.csproj", "{7283D9DD-85D0-4D12-994F-9F2F2ED77124}"
EndProject
Project("{9A19103F-16F7-4668-BE54-9A1E7A4F7556}") = "ProjectBlog.Mvc", "ProjectBlog.Mvc\ProjectBlog.Mvc.csproj", "{04CD15B8-2560-4B00-BB7C-94BA1294C748}"
EndProject
Global
	GlobalSection(SolutionConfigurationPlatforms) = preSolution
		Debug|Any CPU = Debug|Any CPU
		Release|Any CPU = Release|Any CPU
	EndGlobalSection
	GlobalSection(ProjectConfigurationPlatforms) = postSolution
		{464DCF50-D49B-46A4-BDA7-444B9BDCCCE2}.Debug|Any CPU.ActiveCfg = Debug|Any CPU
		{464DCF50-D49B-46A4-BDA7-444B9BDCCCE2}.Debug|Any CPU.Build.0 = Debug|Any CPU
		{464DCF50-D49B-46A4-BDA7-444B9BDCCCE2}.Release|Any CPU.ActiveCfg = Release|Any CPU
		{464DCF50-D49B-46A4-BDA7-444B9BDCCCE2}.Release|Any CPU.Build.0 = Release|Any CPU
		{EE5B55AA-30BB-4E57-A90D-FABB79C5284B}.Debug|Any CPU.ActiveCfg = Debug|Any CPU
		{EE5B55AA-30BB-4E57-A90D-FABB79C5284B}.Debug|Any CPU.Build.0 = Debug|Any CPU
		{EE5B55AA-30BB-4E57-A90D-FABB79C5284B}.Release|Any CPU.ActiveCfg = Release|Any CPU
		{EE5B55AA-30BB-4E57-A90D-FABB79C5284B}.Release|Any CPU.Build.0 = Release|Any CPU
		{EB60400B-4D0F-45F4-8D45-178AF571214C}.Debug|Any CPU.ActiveCfg = Debug|Any CPU
		{EB60400B-4D0F-45F4-8D45-178AF571214C}.Debug|Any CPU.Build.0 = Debug|Any CPU
		{EB60400B-4D0F-45F4-8D45-178AF571214C}.Release|Any CPU.ActiveCfg = Release|Any CPU
		{EB60400B-4D0F-45F4-8D45-178AF571214C}.Release|Any CPU.Build.0 = Release|Any CPU
		{7283D9DD-85D0-4D12-994F-9F2F2ED77124}.Debug|Any CPU.ActiveCfg = Debug|Any CPU
		{7283D9DD-85D0-4D12-994F-9F2F2ED77124}.Debug|Any CPU.Build.0 = Debug|Any CPU
		{7283D9DD-85D0-4D12-994F-9F2F2ED77124}.Release|Any CPU.ActiveCfg = Release|Any CPU
		{7283D9DD-85D0-4D12-994F-9F2F2ED77124}.Release|Any CPU.Build.0 = Release|Any CPU
		{04CD15B8-2560-4B00-BB7C-94BA1294C748}.Debug|Any CPU.ActiveCfg = Debug|Any CPU
		{04CD15B8-2560-4B00-BB7C-94BA1294C748}.Debug|Any CPU.Build.0 = Debug|Any CPU
		{04CD15B8-2560-4B00-BB7C-94BA1294C748}.Release|Any CPU.ActiveCfg = Release|Any CPU
		{04CD15B8-2560-4B00-BB7C-94BA1294C748}.Release|Any CPU.Build.0 = Release|Any CPU
	EndGlobalSection
	GlobalSection(SolutionProperties) = preSolution
		HideSolutionNode = FALSE
	EndGlobalSection
	GlobalSection(ExtensibilityGlobals) = postSolution
		SolutionGuid = {A4BA2D28-D31A-4965-A9D6-81FE3C3F54B8}
	EndGlobalSection
EndGlobal
